{
  "name": "overpass-websocket-client",
  "version": "0.0.0",
  "dependencies": {
    "bluebird": {
      "version": "2.5.1",
      "from": "bluebird@>=2.3.11 <3.0.0",
      "resolved": "https://registry.npmjs.org/bluebird/-/bluebird-2.5.1.tgz"
    },
    "enum": {
      "version": "0.2.6",
      "from": "enum@>=0.2.6 <0.3.0",
      "resolved": "https://registry.npmjs.org/enum/-/enum-0.2.6.tgz"
    },
    "escape-string-regexp": {
      "version": "1.0.2",
      "from": "escape-string-regexp@>=1.0.2 <2.0.0",
      "resolved": "https://registry.npmjs.org/escape-string-regexp/-/escape-string-regexp-1.0.2.tgz"
    },
    "node-event-emitter": {
      "version": "0.0.1",
      "from": "node-event-emitter@0.0.1",
      "resolved": "https://registry.npmjs.org/node-event-emitter/-/node-event-emitter-0.0.1.tgz"
    }
  }
}
