{
  "name": "overpass-websocket-client",
  "version": "0.0.0",
  "dependencies": {
    "bluebird": {
      "version": "2.9.30",
      "from": "bluebird@>=2.3.11 <3.0.0",
      "resolved": "https://registry.npmjs.org/bluebird/-/bluebird-2.9.30.tgz"
    },
    "enum": {
      "version": "2.1.0",
      "from": "enum@>=2.0.0 <3.0.0",
      "resolved": "https://registry.npmjs.org/enum/-/enum-2.1.0.tgz"
    },
    "escape-string-regexp": {
      "version": "1.0.3",
      "from": "escape-string-regexp@>=1.0.2 <2.0.0",
      "resolved": "https://registry.npmjs.org/escape-string-regexp/-/escape-string-regexp-1.0.3.tgz"
    },
    "lodash.random": {
      "version": "3.0.0",
      "from": "lodash.random@>=3.0.0 <4.0.0",
      "resolved": "https://registry.npmjs.org/lodash.random/-/lodash.random-3.0.0.tgz",
      "dependencies": {
        "lodash._baserandom": {
          "version": "3.0.0",
          "from": "lodash._baserandom@>=3.0.0 <4.0.0",
          "resolved": "https://registry.npmjs.org/lodash._baserandom/-/lodash._baserandom-3.0.0.tgz"
        },
        "lodash._isiterateecall": {
          "version": "3.0.9",
          "from": "lodash._isiterateecall@>=3.0.0 <4.0.0",
          "resolved": "https://registry.npmjs.org/lodash._isiterateecall/-/lodash._isiterateecall-3.0.9.tgz"
        }
      }
    },
    "node-event-emitter": {
      "version": "0.0.1",
      "from": "node-event-emitter@0.0.1",
      "resolved": "https://registry.npmjs.org/node-event-emitter/-/node-event-emitter-0.0.1.tgz"
    }
  }
}
